
Microsoft Visual Studio Solution File, Format Version 12.00
# Visual Studio Version 17
VisualStudioVersion = 17.14.36603.0
MinimumVisualStudioVersion = 10.0.40219.1
Project("{FAE04EC0-301F-11D3-BF4B-00C04F79EFBC}") = "FarmaciaFinal", "FarmaciaFinal.csproj", "{53000E6C-F9AA-43E0-B33A-67F0C9B23B3D}"
EndProject
Project("{FAE04EC0-301F-11D3-BF4B-00C04F79EFBC}") = "ModeloFar", "..\ModeloFar\ModeloFar.csproj", "{2472A46A-707B-472E-83BF-FAEFFDEEA7BB}"
EndProject
Global
	GlobalSection(SolutionConfigurationPlatforms) = preSolution
		Debug|Any CPU = Debug|Any CPU
		Release|Any CPU = Release|Any CPU
	EndGlobalSection
	GlobalSection(ProjectConfigurationPlatforms) = postSolution
		{53000E6C-F9AA-43E0-B33A-67F0C9B23B3D}.Debug|Any CPU.ActiveCfg = Debug|Any CPU
		{53000E6C-F9AA-43E0-B33A-67F0C9B23B3D}.Debug|Any CPU.Build.0 = Debug|Any CPU
		{53000E6C-F9AA-43E0-B33A-67F0C9B23B3D}.Release|Any CPU.ActiveCfg = Release|Any CPU
		{53000E6C-F9AA-43E0-B33A-67F0C9B23B3D}.Release|Any CPU.Build.0 = Release|Any CPU
		{2472A46A-707B-472E-83BF-FAEFFDEEA7BB}.Debug|Any CPU.ActiveCfg = Debug|Any CPU
		{2472A46A-707B-472E-83BF-FAEFFDEEA7BB}.Debug|Any CPU.Build.0 = Debug|Any CPU
		{2472A46A-707B-472E-83BF-FAEFFDEEA7BB}.Release|Any CPU.ActiveCfg = Release|Any CPU
		{2472A46A-707B-472E-83BF-FAEFFDEEA7BB}.Release|Any CPU.Build.0 = Release|Any CPU
	EndGlobalSection
	GlobalSection(SolutionProperties) = preSolution
		HideSolutionNode = FALSE
	EndGlobalSection
	GlobalSection(ExtensibilityGlobals) = postSolution
		SolutionGuid = {6ACF6007-48BE-44CE-A0D3-B82813418482}
	EndGlobalSection
EndGlobal
